# This lock file was generated by conda-lock (https://github.com/conda-incubator/conda-lock). DO NOT EDIT!
#
# A "lock file" contains a concrete list of package versions (with checksums) to be installed. Unlike
# e.g. `conda env create`, the resulting environment will not change as new package versions become
# available, unless you explicitly update the lock file.
#
# Install this environment as "YOURENV" with:
#     conda-lock install -n YOURENV --file conda-lock.yml
# To update a single package to the latest version compatible with the version constraints in the source:
#     conda-lock lock --lockfile conda-lock.yml --update PACKAGE
# To re-solve the entire environment, e.g. after changing a version constraint in the source file:
#     conda-lock -f env.yaml --lockfile conda-lock.yml
metadata:
  channels:
  - url: pytorch
    used_env_vars: []
  - url: defaults
    used_env_vars: []
  content_hash:
    linux-64: c706d2808b2049f3c15617258b606689d62fe4a9f41e2d0a9b6df3a65141c332
  platforms:
  - linux-64
  sources:
  - env.yaml
package:
- category: main
  dependencies: {}
  hash:
    md5: c3473ff8bdb3d124ed5ff11ec380d6f9
    sha256: 476626712f60e5ef0fe04c354727152b1ee5285d57ccd3575c7be930122bd051
  manager: conda
  name: _libgcc_mutex
  optional: false
  platform: linux-64
  url: https://repo.anaconda.com/pkgs/main/linux-64/_libgcc_mutex-0.1-main.conda
  version: '0.1'
- category: main
  dependencies: {}
  hash:
    md5: 9a7a051e9bd41da46523acb017d8a517
    sha256: 05f806e9b610f80e15f2c8d7b4e9a7a2817ed4870b85427acb2a89a1db44ec0e
  manager: conda
  name: blas
  optional: false
  platform: linux-64
  url: https://repo.anaconda.com/pkgs/main/linux-64/blas-1.0-mkl.conda
  version: '1.0'
- category: main
  dependencies: {}
  hash:
    md5: 405c137b818ce227351539aadf9c7699
    sha256: ded1963a4fedd3d0b6079fe439580b463c8b1221a6c9912fd7763a410091227f
  manager: conda
  name: ca-certificates
  optional: false
  platform: linux-64
  url: https://repo.anaconda.com/pkgs/main/linux-64/ca-certificates-2022.3.29-h06a4308_0.conda
  version: 2022.3.29
- category: main
  dependencies: {}
  hash:
    md5: 15d9e331499432d8e22935c1d3b5d2a1
    sha256: 6a2d668a0a33fddbf047f8ef55c29ba5f803ef2c6fed923b7c753a836f4ce002
  manager: conda
  name: intel-openmp
  optional: false
  platform: linux-64
  url: https://repo.anaconda.com/pkgs/main/linux-64/intel-openmp-2021.4.0-h06a4308_3561.conda
  version: 2021.4.0
- category: main
  dependencies: {}
  hash:
    md5: dec20f7c8f9d5f1b293abd97b0f518ed
    sha256: cc5b453d585754bb9d52bac9e2045f32eb0fc43d74ec3eee21e44604cf1a6485
  manager: conda
  name: ld_impl_linux-64
  optional: false
  platform: linux-64
  url: https://repo.anaconda.com/pkgs/main/linux-64/ld_impl_linux-64-2.35.1-h7274673_9.conda
  version: 2.35.1
- category: main
  dependencies: {}
  hash:
    md5: a948316e36fb5b11223b3fcfa93f8358
    sha256: null
  manager: conda
  name: pytorch-mutex
  optional: false
  platform: linux-64
  url: https://conda.anaconda.org/pytorch/noarch/pytorch-mutex-1.0-cuda.tar.bz2
  version: '1.0'
- category: main
  dependencies: {}
  hash:
    md5: e8fd073330b1083fcd3bc2634722f1a6
    sha256: 63f777895e477faabedfd91ff2c54161d309f1efdefb0555a266f6caeea0b6c8
  manager: conda
  name: tzdata
  optional: false
  platform: linux-64
  url: https://repo.anaconda.com/pkgs/main/noarch/tzdata-2022a-hda174b7_0.conda
  version: 2022a
- category: main
  dependencies:
    _libgcc_mutex: 0.1 main
  hash:
    md5: fb19b69bac6d819c7f3d1126b05461e1
    sha256: b53f7b4d5a1a3a3d61ad86b043f91a0ca9ee16b77194021383185d34eb592e56
  manager: conda
  name: libgomp
  optional: false
  platform: linux-64
  url: https://repo.anaconda.com/pkgs/main/linux-64/libgomp-9.3.0-h5101ec6_17.conda
  version: 9.3.0
- category: main
  dependencies:
    __glibc: '>=2.17'
  hash:
    md5: 47744aca0f5e63c4672d117c3596d937
    sha256: 0cdad3721336fe93f626289dd45e864eb4a0659ff2094670af01e7eacad28d9c
  manager: conda
  name: libstdcxx-ng
  optional: false
  platform: linux-64
  url: https://repo.anaconda.com/pkgs/main/linux-64/libstdcxx-ng-9.3.0-hd4cf53a_17.conda
  version: 9.3.0
- category: main
  dependencies:
    intel-openmp: 2021.*
  hash:
    md5: c9eee35aaa371ed39e4d8c0692f0e5bf
    sha256: 58cb5ed4263f1bc5eadd08824eaedfd80719c6eff4cfa2bcac0f1a39a9aca1e5
  manager: conda
  name: mkl
  optional: false
  platform: linux-64
  url: https://repo.anaconda.com/pkgs/main/linux-64/mkl-2021.4.0-h06a4308_640.conda
  version: 2021.4.0
- category: main
  dependencies:
    _libgcc_mutex: 0.1 main
    libgomp: '>=7.5.0'
  hash:
    md5: 84414b0edb0a36bd7e25fc4936c1abb5
    sha256: 2c269ff2e33d3c158b4744485b7fe11ee132814c55a70b33b3e68d588375d465
  manager: conda
  name: _openmp_mutex
  optional: false
  platform: linux-64
  url: https://repo.anaconda.com/pkgs/main/linux-64/_openmp_mutex-4.5-1_gnu.tar.bz2
  version: '4.5'
- category: main
  dependencies:
    __glibc: '>=2.17'
    _libgcc_mutex: '* main'
    _openmp_mutex: '>=4.5'
  hash:
    md5: e9cbabbfb9e8a430f6a7660fe8dd77a7
    sha256: 49a808720a51c107241a42ac3641cce3d8451ef7cfaf3d68b6e4a3fec2da0676
  manager: conda
  name: libgcc-ng
  optional: false
  platform: linux-64
  url: https://repo.anaconda.com/pkgs/main/linux-64/libgcc-ng-9.3.0-h5101ec6_17.conda
  version: 9.3.0
- category: main
  dependencies:
    libgcc-ng: '>=7.3.0'
  hash:
    md5: 9303f4af7c004e069bae22bde8d800ee
    sha256: d3fa503351a53692866182a3819fb28d105e32c25d177bf6a9444c4153215e0d
  manager: conda
  name: bzip2
  optional: false
  platform: linux-64
  url: https://repo.anaconda.com/pkgs/main/linux-64/bzip2-1.0.8-h7b6447c_0.conda
  version: 1.0.8
- category: main
  dependencies:
    libgcc-ng: '>=9.3.0'
    libstdcxx-ng: '>=9.3.0'
  hash:
    md5: ec7241a3939c49e0f071ff0409bb438f
    sha256: b7231afd3a61a9160542b22915a2bcef9dfb8f74739dc40447ac979cf80442cb
  manager: conda
  name: cudatoolkit
  optional: false
  platform: linux-64
  url: https://repo.anaconda.com/pkgs/main/linux-64/cudatoolkit-11.3.1-h2bc3f7f_2.conda
  version: 11.3.1
- category: main
  dependencies:
    libgcc-ng: '>=7.3.0'
  hash:
    md5: c2583ad8de5051f19479580c58336f15
    sha256: 6026e9f1bd54bbff846d938a7e060121bf941a3d82ebddc88de01d7f0af7b6dd
  manager: conda
  name: giflib
  optional: false
  platform: linux-64
  url: https://repo.anaconda.com/pkgs/main/linux-64/giflib-5.2.1-h7b6447c_0.conda
  version: 5.2.1
- category: main
  dependencies:
    libgcc-ng: '>=7.3.0'
    libstdcxx-ng: '>=7.3.0'
  hash:
    md5: 2e73d31066d9abc951ad4fe55e70cb98
    sha256: 8aff5ec4f1f6cade2b0663a261f58bd54672029c4a3651c89d34954bb2ea62f5
  manager: conda
  name: gmp
  optional: false
  platform: linux-64
  url: https://repo.anaconda.com/pkgs/main/linux-64/gmp-6.2.1-h2531618_2.conda
  version: 6.2.1
- category: main
  dependencies:
    libgcc-ng: '>=7.5.0'
  hash:
    md5: 28bb4c75a1ef6e3d7100a383a6437318
    sha256: 12f0d1ccc91ef8620e095706c0ab5b9d139c19dfa0d506f39deec18a793d9f22
  manager: conda
  name: jpeg
  optional: false
  platform: linux-64
  url: https://repo.anaconda.com/pkgs/main/linux-64/jpeg-9d-h7f8727e_0.conda
  version: 9d
- category: main
  dependencies:
    libgcc-ng: '>=7.3.0'
  hash:
    md5: 477799f2a31e72dd949fa5c043a409de
    sha256: 50ea348e457eb20b603edc9fad836c5ba5cff58544aa9460349e313bdd5e79f7
  manager: conda
  name: lame
  optional: false
  platform: linux-64
  url: https://repo.anaconda.com/pkgs/main/linux-64/lame-3.100-h7b6447c_0.conda
  version: '3.100'
- category: main
  dependencies:
    libgcc-ng: '>=7.3.0'
    libstdcxx-ng: '>=7.3.0'
  hash:
    md5: 88a54b8f50e351c650e16f4ee781440c
    sha256: 2cef7c80db19e83a38b6e02110f0e9828d3ef4045c38791d5b01006c44529093
  manager: conda
  name: libffi
  optional: false
  platform: linux-64
  url: https://repo.anaconda.com/pkgs/main/linux-64/libffi-3.3-he6710b0_2.conda
  version: '3.3'
- category: main
  dependencies:
    libgcc-ng: '>=7.2.0'
  hash:
    md5: 55474411ba274f0c8385417a3e64e08f
    sha256: b434f3127de6c9b651285bf27b0b68071fe04682aadc07041fca7aed4a2c7264
  manager: conda
  name: libiconv
  optional: false
  platform: linux-64
  url: https://repo.anaconda.com/pkgs/main/linux-64/libiconv-1.15-h63c8f33_5.conda
  version: '1.15'
- category: main
  dependencies:
    libgcc-ng: '>=7.3.0'
  hash:
    md5: bcd9553465d04c838be32ac46ccbef09
    sha256: d8a4a2cdc217900543dd867d4547793d7432ac8e8e2281081567952c5c2ce925
  manager: conda
  name: libtasn1
  optional: false
  platform: linux-64
  url: https://repo.anaconda.com/pkgs/main/linux-64/libtasn1-4.16.0-h27cfd23_0.conda
  version: 4.16.0
- category: main
  dependencies:
    libgcc-ng: '>=7.3.0'
  hash:
    md5: 5b6ed6cd1b1ca3a383daef1d6464d02a
    sha256: e513b61d4b848d68a26ce89b00c90cd2958403026a6dea396af870f317199def
  manager: conda
  name: libunistring
  optional: false
  platform: linux-64
  url: https://repo.anaconda.com/pkgs/main/linux-64/libunistring-0.9.10-h27cfd23_0.conda
  version: 0.9.10
- category: main
  dependencies:
    libgcc-ng: '>=7.3.0'
  hash:
    md5: bb1eff3862d3729995c38fc1f5d71ca4
    sha256: c6fc151ab1135a13ff6f1d93530c5d16ff0f333e1bcf01b9ed52c3cfc014f55a
  manager: conda
  name: libuv
  optional: false
  platform: linux-64
  url: https://repo.anaconda.com/pkgs/main/linux-64/libuv-1.40.0-h7b6447c_0.conda
  version: 1.40.0
- category: main
  dependencies:
    libgcc-ng: '>=7.5.0'
  hash:
    md5: 162451b4884cfc7db8400580c711e83a
    sha256: 200b4ae8d83efca7dda8a3855a380a602509a031678af5cf08b7aa3c62d56c08
  manager: conda
  name: libwebp-base
  optional: false
  platform: linux-64
  url: https://repo.anaconda.com/pkgs/main/linux-64/libwebp-base-1.2.2-h7f8727e_0.conda
  version: 1.2.2
- category: main
  dependencies:
    libgcc-ng: '>=7.5.0'
    libstdcxx-ng: '>=7.5.0'
  hash:
    md5: d9bd18f73ff566e08add10a54a3463cf
    sha256: e37c0efa15afddeaa329a76add1c657787efba334002b31449a3996175215330
  manager: conda
  name: lz4-c
  optional: false
  platform: linux-64
  url: https://repo.anaconda.com/pkgs/main/linux-64/lz4-c-1.9.3-h295c915_1.conda
  version: 1.9.3
- category: main
  dependencies:
    libgcc-ng: '>=7.5.0'
  hash:
    md5: 4edf660a09cc7adcb21120464b2a1783
    sha256: c1a4de3a57e4ed4f2a02b71dc722a0dde18fda80838a7d4aaeaefd834f8fbea2
  manager: conda
  name: ncurses
  optional: false
  platform: linux-64
  url: https://repo.anaconda.com/pkgs/main/linux-64/ncurses-6.3-h7f8727e_2.conda
  version: '6.3'
- category: main
  dependencies:
    libgcc-ng: '>=7.5.0'
    libstdcxx-ng: '>=7.5.0'
  hash:
    md5: 9f5901ce86b961bbc11054ebe2ec4097
    sha256: a68032e0136053857833231b0a466de57e131b7eb8761572303461b021708b30
  manager: conda
  name: openh264
  optional: false
  platform: linux-64
  url: https://repo.anaconda.com/pkgs/main/linux-64/openh264-2.1.1-h4ff587b_0.conda
  version: 2.1.1
- category: main
  dependencies:
    ca-certificates: ''
    libgcc-ng: '>=7.5.0'
  hash:
    md5: 6a628baa5cc1c79c86026c21abfed46d
    sha256: a688204990178637228bdf12f5655460a5bf27746243dc8ea64e470db37e0036
  manager: conda
  name: openssl
  optional: false
  platform: linux-64
  url: https://repo.anaconda.com/pkgs/main/linux-64/openssl-1.1.1n-h7f8727e_0.conda
  version: 1.1.1n
- category: main
  dependencies:
    libgcc-ng: '>=7.3.0'
  hash:
    md5: 73a16ea8ba890175a1ce94a3a87c8f68
    sha256: 58045af0e1f23ea72b6759c4f5aac3e2fb98da9585758853d09961126d66f9ce
  manager: conda
  name: xz
  optional: false
  platform: linux-64
  url: https://repo.anaconda.com/pkgs/main/linux-64/xz-5.2.5-h7b6447c_0.conda
  version: 5.2.5
- category: main
  dependencies:
    libgcc-ng: '>=7.5.0'
  hash:
    md5: e71c839db95b33080acb958f13e66224
    sha256: 9ba75f2a99067e7f702627d567268590c815c709b76868a869c3b79fa27d1bc9
  manager: conda
  name: zlib
  optional: false
  platform: linux-64
  url: https://repo.anaconda.com/pkgs/main/linux-64/zlib-1.2.12-h7f8727e_0.conda
  version: 1.2.12
- category: main
  dependencies:
    libgcc-ng: '>=7.5.0'
    libunistring: '>=0,<1.0a0'
  hash:
    md5: 3ce9977fc2669601f79a2eb360b95fe6
    sha256: b01a53fbdc5881474ff796f9fc0e70bdff3dccf36dd4bf24b8c16054c61cc978
  manager: conda
  name: libidn2
  optional: false
  platform: linux-64
  url: https://repo.anaconda.com/pkgs/main/linux-64/libidn2-2.3.2-h7f8727e_0.conda
  version: 2.3.2
- category: main
  dependencies:
    libgcc-ng: '>=7.3.0'
    zlib: '>=1.2.11,<1.3.0a0'
  hash:
    md5: 689f903925dcf6c5ab7bc1de0f58b67b
    sha256: 4f99638c8da0abe841c2b4bc337839f2a01363d40cfc334c0084e79dc0fd0a0d
  manager: conda
  name: libpng
  optional: false
  platform: linux-64
  url: https://repo.anaconda.com/pkgs/main/linux-64/libpng-1.6.37-hbc83047_0.conda
  version: 1.6.37
- category: main
  dependencies:
    gmp: '>=6.1.2'
    libgcc-ng: '>=7.3.0'
  hash:
    md5: 9357ec2203a163a92a0337eb5e8e3356
    sha256: 8b41d588238bac265c740eafa2170b5df2fd31c2db3d7081301d98b0ba814a2d
  manager: conda
  name: nettle
  optional: false
  platform: linux-64
  url: https://repo.anaconda.com/pkgs/main/linux-64/nettle-3.7.3-hbbd107a_1.conda
  version: 3.7.3
- category: main
  dependencies:
    libgcc-ng: '>=7.5.0'
    ncurses: '>=6.3,<7.0a0'
  hash:
    md5: ea33f478fea12406f394944e7e4f3d20
    sha256: ab74641903ecb92f45c392cffe5bbb712208854c6ea20ab86b65dd4dfc1b1beb
  manager: conda
  name: readline
  optional: false
  platform: linux-64
  url: https://repo.anaconda.com/pkgs/main/linux-64/readline-8.1.2-h7f8727e_1.conda
  version: 8.1.2
- category: main
  dependencies:
    libgcc-ng: '>=7.5.0'
    zlib: '>=1.2.11,<1.3.0a0'
  hash:
    md5: 3a4fa2ce7262dc3e8f082a7c25e7451c
    sha256: 1b36e92b1ab7ca2eeca8888e14ae7cffdf376563596882b2b2139ee3ce4be6d7
  manager: conda
  name: tk
  optional: false
  platform: linux-64
  url: https://repo.anaconda.com/pkgs/main/linux-64/tk-8.6.11-h1ccaba5_0.conda
  version: 8.6.11
- category: main
  dependencies:
    libgcc-ng: '>=7.3.0'
    libstdcxx-ng: '>=7.3.0'
    lz4-c: '>=1.9.3,<1.10.0a0'
    xz: '>=5.2.5,<6.0a0'
    zlib: '>=1.2.11,<1.3.0a0'
  hash:
    md5: 2e81424da35919b0f552b9e5ba0a37ba
    sha256: 5ebb3e77ad431e24226cdee8884fb39f511d36fae598d1ce1f50081545a046a3
  manager: conda
  name: zstd
  optional: false
  platform: linux-64
  url: https://repo.anaconda.com/pkgs/main/linux-64/zstd-1.4.9-haebb681_0.conda
  version: 1.4.9
- category: main
  dependencies:
    libgcc-ng: '>=7.5.0'
    libpng: '>=1.6.37,<1.7.0a0'
    zlib: '>=1.2.11,<1.3.0a0'
  hash:
    md5: b767874a6273e1058027cb2e300d00ac
    sha256: cb29bcdeabea6bb96f2b6339f2ecdbeeb6d4683ff3ddb1b05a490138511419a2
  manager: conda
  name: freetype
  optional: false
  platform: linux-64
  url: https://repo.anaconda.com/pkgs/main/linux-64/freetype-2.11.0-h70c0345_0.conda
  version: 2.11.0
- category: main
  dependencies:
    ca-certificates: ''
    gmp: '>=6.1.2'
    libgcc-ng: '>=7.3.0'
    libidn2: '>=2,<3.0a0'
    libstdcxx-ng: '>=7.3.0'
    libtasn1: '>=4.16.0,<5.0a0'
    libunistring: '>=0,<1.0a0'
    nettle: '>=3.7.2,<3.8.0a0'
  hash:
    md5: de368b69defbce286b7cec43efbd4187
    sha256: b83d15a44abf3bb8bd4b9052b7287456975d0d650da99428fa4506675c98a28f
  manager: conda
  name: gnutls
  optional: false
  platform: linux-64
  url: https://repo.anaconda.com/pkgs/main/linux-64/gnutls-3.6.15-he1e5248_0.conda
  version: 3.6.15
- category: main
  dependencies:
    jpeg: '>=9b,<10a'
    libgcc-ng: '>=7.3.0'
    libstdcxx-ng: '>=7.3.0'
    libwebp-base: ''
    xz: '>=5.2.5,<6.0a0'
    zlib: '>=1.2.11,<1.3.0a0'
    zstd: '>=1.4.5,<1.5.0a0'
  hash:
    md5: a70887f6e46ea21d5e4e27685bd59ff9
    sha256: abef7c57f548dd2b9dac487db1a9ffaf949b9505e94af5566778ed8116babbe7
  manager: conda
  name: libtiff
  optional: false
  platform: linux-64
  url: https://repo.anaconda.com/pkgs/main/linux-64/libtiff-4.2.0-h85742a9_0.conda
  version: 4.2.0
- category: main
  dependencies:
    libgcc-ng: '>=7.5.0'
    readline: '>=8.0,<9.0a0'
    zlib: '>=1.2.11,<1.3.0a0'
  hash:
    md5: eb9f2708fc1162d01855c12c8156aecf
    sha256: 74822a899fe4b46d8fdbdad19afaf614e4f172b5adeafb6260ed868fdd5c81bc
  manager: conda
  name: sqlite
  optional: false
  platform: linux-64
  url: https://repo.anaconda.com/pkgs/main/linux-64/sqlite-3.38.2-hc218d9a_0.conda
  version: 3.38.2
- category: main
  dependencies:
    bzip2: '>=1.0.8,<2.0a0'
    freetype: '>=2.10.2,<3.0a0'
    gmp: '>=6.1.2'
    gnutls: '>=3.6.5,<3.7.0a0'
    lame: '>=3.100,<3.101.0a0'
    libgcc-ng: '>=7.3.0'
    libiconv: ''
    libstdcxx-ng: '>=7.3.0'
    openh264: '>=2.1.0,<2.2.0a0'
    zlib: '>=1.2.11,<1.3.0a0'
  hash:
    md5: 0b0bf7c3d7e146ef91de5310bbf7a230
    sha256: null
  manager: conda
  name: ffmpeg
  optional: false
  platform: linux-64
  url: https://conda.anaconda.org/pytorch/linux-64/ffmpeg-4.3-hf484d3e_0.tar.bz2
  version: '4.3'
- category: main
  dependencies:
    jpeg: '>=9b,<10a'
    libgcc-ng: '>=7.3.0'
    libtiff: '>=4.1.0,<5.0a0'
  hash:
    md5: 719db47afba9f6586eecb5eacac70bff
    sha256: c7fdebc0954fe6d272c2a477a1067dc96ebc36fb43109b33378e0e9c2732a847
  manager: conda
  name: lcms2
  optional: false
  platform: linux-64
  url: https://repo.anaconda.com/pkgs/main/linux-64/lcms2-2.12-h3be6417_0.conda
  version: '2.12'
- category: main
  dependencies:
    giflib: '>=5.2.1,<5.3.0a0'
    jpeg: '>=9d,<10a'
    libgcc-ng: '>=7.5.0'
    libpng: '>=1.6.37,<1.7.0a0'
    libtiff: '>=4.1.0,<5.0a0'
    libwebp-base: ''
  hash:
    md5: c9ed6bddefc09dbfc246301c3ce3ca14
    sha256: 7d5eb348332133225e5d39eaa143a964239bcd1c4044cf55fdf0dfcbdd8c5853
  manager: conda
  name: libwebp
  optional: false
  platform: linux-64
  url: https://repo.anaconda.com/pkgs/main/linux-64/libwebp-1.2.2-h55f646e_0.conda
  version: 1.2.2
- category: main
  dependencies:
    ld_impl_linux-64: ''
    libffi: '>=3.3,<3.4.0a0'
    libgcc-ng: '>=7.5.0'
    libstdcxx-ng: '>=7.5.0'
    ncurses: '>=6.3,<7.0a0'
    openssl: '>=1.1.1n,<1.1.2a'
    readline: '>=8.0,<9.0a0'
    sqlite: '>=3.38.2,<4.0a0'
    tk: '>=8.6.11,<8.7.0a0'
    tzdata: ''
    xz: '>=5.2.5,<6.0a0'
    zlib: '>=1.2.11,<1.3.0a0'
  hash:
    md5: 24e7b6490961f6e3dd7fa3ba24c9302f
    sha256: c18b392689f70b642f033d81da958fcf23442bbe802784d39220ca9181820026
  manager: conda
  name: python
  optional: false
  platform: linux-64
  url: https://repo.anaconda.com/pkgs/main/linux-64/python-3.9.12-h12debd9_0.conda
  version: 3.9.12
- category: main
  dependencies:
    python: '>=3.9,<3.10.0a0'
  hash:
    md5: 471b9268be2134d5e875de762b71d922
    sha256: c3af2170783dc8d3b0cddca2c8e9457c1662bca5e0d1d52959fb702a3bb44586
  manager: conda
  name: certifi
  optional: false
  platform: linux-64
  url: https://repo.anaconda.com/pkgs/main/linux-64/certifi-2021.10.8-py39h06a4308_2.conda
  version: 2021.10.8
- category: main
  dependencies:
    python: '>=3.5'
  hash:
    md5: e7a441d94234b2b5fafee06e25dbf076
    sha256: b39aea12bf02654cdd0094c79bfa6edbc8d054787f6e2d0b96d403cd4ba4cc0d
  manager: conda
  name: charset-normalizer
  optional: false
  platform: linux-64
  url: https://repo.anaconda.com/pkgs/main/noarch/charset-normalizer-2.0.4-pyhd3eb1b0_0.conda
  version: 2.0.4
- category: main
  dependencies:
    python: '>=3.5'
  hash:
    md5: 8f43a528cf83b43af38a4d142fa38b8a
    sha256: 2214ad8a3c5f0afc3c13ced28dd1961b98ff780b4e8562357a85c243e7fe678e
  manager: conda
  name: idna
  optional: false
  platform: linux-64
  url: https://repo.anaconda.com/pkgs/main/noarch/idna-3.3-pyhd3eb1b0_0.conda
  version: '3.3'
- category: main
  dependencies:
    freetype: '>=2.10.4,<3.0a0'
    jpeg: ''
    lcms2: '>=2.12,<3.0a0'
    libgcc-ng: '>=7.5.0'
    libstdcxx-ng: '>=7.5.0'
    libtiff: '>=4.1.0,<5.0a0'
    libwebp: '>=1.2.0,<1.3.0a0'
    python: '>=3.9,<3.10.0a0'
    tk: ''
    zlib: '>=1.2.11,<1.3.0a0'
  hash:
    md5: af9738244e2dca1bf5d04a81a34f28d5
    sha256: ea1c3b72759bad5942a00290d52bae62f4630f004be604b5a5dfd958b28c3bb5
  manager: conda
  name: pillow
  optional: false
  platform: linux-64
  url: https://repo.anaconda.com/pkgs/main/linux-64/pillow-9.0.1-py39h22f2fdc_0.conda
  version: 9.0.1
- category: main
  dependencies:
    python: '>=3.6'
  hash:
    md5: 135a72ff2a31150a3a3ff0b1edd41ca9
    sha256: 4405b5aeff26863972c82e8b54d09f88cd084f70e01e4343107b2676ffbeab57
  manager: conda
  name: pycparser
  optional: false
  platform: linux-64
  url: https://repo.anaconda.com/pkgs/main/noarch/pycparser-2.21-pyhd3eb1b0_0.conda
  version: '2.21'
- category: main
  dependencies:
    python: '>=3.9,<3.10.0a0'
  hash:
    md5: 0a2dc6c521fd674b11a99dea461c2d84
    sha256: ead83f9ff403c95124f8f7bd88a3af1d195139a316cf53d881430cad7d09d870
  manager: conda
  name: pysocks
  optional: false
  platform: linux-64
  url: https://repo.anaconda.com/pkgs/main/linux-64/pysocks-1.7.1-py39h06a4308_0.conda
  version: 1.7.1
- category: main
  dependencies:
    python: ''
  hash:
    md5: 34586824d411d36af2fa40e799c172d0
    sha256: 71c97b4ddc3d19ed41bfa1a2d40f620f96b4d46f097dc48ab115b36640f7df0a
  manager: conda
  name: six
  optional: false
  platform: linux-64
  url: https://repo.anaconda.com/pkgs/main/noarch/six-1.16.0-pyhd3eb1b0_1.conda
  version: 1.16.0
- category: main
  dependencies:
    python: '>=3.6'
  hash:
    md5: 8d4303f11560fe9621c962e87cf64d27
    sha256: 1620b404b9b4bb937c03276adcebfe3cffe5df65911b2680169edc9a7c5101e8
  manager: conda
  name: typing_extensions
  optional: false
  platform: linux-64
  url: https://repo.anaconda.com/pkgs/main/noarch/typing_extensions-4.1.1-pyh06a4308_0.conda
  version: 4.1.1
- category: main
  dependencies:
    python: ''
  hash:
    md5: ab85e96e26da8d5797c2458232338b86
    sha256: d3f762f14aff275613ef8d0df2b1e608e8174960da05a1815f36e70cd62aaae9
  manager: conda
  name: wheel
  optional: false
  platform: linux-64
  url: https://repo.anaconda.com/pkgs/main/noarch/wheel-0.37.1-pyhd3eb1b0_0.conda
  version: 0.37.1
- category: main
  dependencies:
    libffi: '>=3.3'
    libgcc-ng: '>=7.5.0'
    pycparser: ''
    python: '>=3.9,<3.10.0a0'
  hash:
    md5: 7ef8e0071a3c72670f3ee8e3a5cd2a6b
    sha256: 7a8e49df026df61318ee5c280416fd7835de89e089e56321c7a780ac23ca6ad8
  manager: conda
  name: cffi
  optional: false
  platform: linux-64
  url: https://repo.anaconda.com/pkgs/main/linux-64/cffi-1.15.0-py39hd667e15_1.conda
  version: 1.15.0
- category: main
  dependencies:
    libgcc-ng: '>=7.5.0'
    mkl: '>=2021.2.0,<2022.0a0'
    python: '>=3.9,<3.10.0a0'
    six: ''
  hash:
    md5: 172ea5cc5cdc863201cdc4653f836bcb
    sha256: 4308d6bda152a035cb0ffd372dce0149d65ae53f756dd1776b695b5306c6a846
  manager: conda
  name: mkl-service
  optional: false
  platform: linux-64
  url: https://repo.anaconda.com/pkgs/main/linux-64/mkl-service-2.4.0-py39h7f8727e_0.conda
  version: 2.4.0
- category: main
  dependencies:
    blas: '* mkl'
    cudatoolkit: '>=11.3,<11.4'
    libuv: '>=1.40.0,<2.0a0'
    mkl: '>=2018'
    python: '>=3.9,<3.10.0a0'
    pytorch-mutex: 1.0 cuda
    typing_extensions: ''
  hash:
    md5: 62633112744f500210f14b4b54945536
    sha256: null
  manager: conda
  name: pytorch
  optional: false
  platform: linux-64
  url: https://conda.anaconda.org/pytorch/linux-64/pytorch-1.11.0-py3.9_cuda11.3_cudnn8.2.0_0.tar.bz2
  version: 1.11.0
- category: main
  dependencies:
    certifi: '>=2016.9.26'
    python: '>=3.9,<3.10.0a0'
  hash:
    md5: 720869dc83cf20f2167fb12e7a54ebaa
    sha256: 9209dec345c5ca90aa5337000dee6b919590bcc5d9b3ce0821130ffbe83cf354
  manager: conda
  name: setuptools
  optional: false
  platform: linux-64
  url: https://repo.anaconda.com/pkgs/main/linux-64/setuptools-61.2.0-py39h06a4308_0.conda
  version: 61.2.0
- category: main
  dependencies:
    cffi: '>=1.0.0'
    libgcc-ng: '>=7.3.0'
    python: '>=3.9,<3.10.0a0'
  hash:
    md5: be47bcffb9e3e7495897b02589f5ad1a
    sha256: 17420d4eea48a3e89aa260c9233ba96815ea40d07702d7554b27f30f3ecdc2fb
  manager: conda
  name: brotlipy
  optional: false
  platform: linux-64
  url: https://repo.anaconda.com/pkgs/main/linux-64/brotlipy-0.7.0-py39h27cfd23_1003.conda
  version: 0.7.0
- category: main
  dependencies:
    cffi: '>=1.12'
    libgcc-ng: ''
    openssl: ''
    python: '>=3.9,<3.10.0a0'
  hash:
    md5: 80423034596f7bf5c42bd2e65e6f75b8
    sha256: a1bcb544ce0fc5ada32d3c7cfe814973ebb21a3c0618a46ce0409e0fe0a46b1f
  manager: conda
  name: cryptography
  optional: false
  platform: linux-64
  url: https://repo.anaconda.com/pkgs/main/linux-64/cryptography-36.0.0-py39h9ce1e76_0.conda
  version: 36.0.0
- category: main
  dependencies:
    blas: 1.0 mkl
    libgcc-ng: '>=7.5.0'
    libstdcxx-ng: '>=7.5.0'
    mkl: '>=2021.4.0,<2022.0a0'
    mkl-service: '>=2.3.0,<3.0a0'
    python: '>=3.9,<3.10.0a0'
  hash:
    md5: 30aa0bb2adc449fda829d381cb24efc7
    sha256: 582738c771c05d790af442945b76819ae28fb9db848d0eac4a26588db131ac5d
  manager: conda
  name: numpy-base
  optional: false
  platform: linux-64
  url: https://repo.anaconda.com/pkgs/main/linux-64/numpy-base-1.21.5-py39hf524024_1.conda
  version: 1.21.5
- category: main
  dependencies:
    python: '>=3.9,<3.10.0a0'
    setuptools: ''
    wheel: ''
  hash:
    md5: 74bcf27ebb94020ea1c838279382cadf
    sha256: f706390196a28c3d4826664006fa06ddef0c3c1be0675571f1162bb7ed2e3656
  manager: conda
  name: pip
  optional: false
  platform: linux-64
  url: https://repo.anaconda.com/pkgs/main/linux-64/pip-21.2.4-py39h06a4308_0.conda
  version: 21.2.4
- category: main
  dependencies:
    cryptography: '>=35.0'
    python: '>=3.6'
  hash:
    md5: 1dbbf9422269cd62c7094960d9b43f36
    sha256: 0a0629a3816bd639f1b1a94dd2fd521ad407e55bfd6532154dce22cddb875783
  manager: conda
  name: pyopenssl
  optional: false
  platform: linux-64
  url: https://repo.anaconda.com/pkgs/main/noarch/pyopenssl-22.0.0-pyhd3eb1b0_0.conda
  version: 22.0.0
- category: main
  dependencies:
    brotlipy: '>=0.6.0'
    certifi: ''
    cryptography: '>=1.3.4'
    idna: '>=2.0.0'
    pyopenssl: '>=0.14'
    pysocks: '>=1.5.6,<2.0,!=1.5.7'
    python: <4.0
  hash:
    md5: 444a13f96600b3ce17e947e2d8f51cbd
    sha256: 4f75404d3d82641edf2a148b1c56272edbf5369477aa1d5bf78d59fd0f5ca4ac
  manager: conda
  name: urllib3
  optional: false
  platform: linux-64
  url: https://repo.anaconda.com/pkgs/main/noarch/urllib3-1.26.8-pyhd3eb1b0_0.conda
  version: 1.26.8
- category: main
  dependencies:
    certifi: '>=2017.4.17'
    charset-normalizer: '>=2.0.0,<2.1.0'
    idna: '>=2.5,<4'
    python: '>=3.6'
    urllib3: '>=1.21.1,<1.27'
  hash:
    md5: 9b593f86737e69140c47c2107ecf277c
    sha256: 0a87a073acd53795a878bb6cf24d1e57ecf73dd161171ed0b4d64f0be0844719
  manager: conda
  name: requests
  optional: false
  platform: linux-64
  url: https://repo.anaconda.com/pkgs/main/noarch/requests-2.27.1-pyhd3eb1b0_0.conda
  version: 2.27.1
- category: main
  dependencies:
    blas: 1.0 mkl
    libgcc-ng: '>=7.5.0'
    libstdcxx-ng: '>=7.5.0'
    mkl: '>=2021.3.0,<2022.0a0'
    mkl-service: '>=2.3.0,<3.0a0'
    numpy: '>=1.16,<2.0a0'
    python: '>=3.9,<3.10.0a0'
  hash:
    md5: 629b503bd4d1c5244f6dec56eb6b83fa
    sha256: 02adf9b03e7499b9cc0193ed29d5efb4ca65823db5b6b3fb1c509f8f0d7a93fd
  manager: conda
  name: mkl_fft
  optional: false
  platform: linux-64
  url: https://repo.anaconda.com/pkgs/main/linux-64/mkl_fft-1.3.1-py39hd3c417c_0.conda
  version: 1.3.1
- category: main
  dependencies:
    blas: '* mkl'
    libgcc-ng: '>=7.5.0'
    libstdcxx-ng: '>=7.5.0'
    mkl: '>=2021.2.0,<2022.0a0'
    mkl-service: '>=2.3.0,<3.0a0'
    numpy: '>=1.16,<2.0a0'
    python: '>=3.9,<3.10.0a0'
  hash:
    md5: c753c11783825f0e0ffd23106c2696d5
    sha256: 8533eeb7f8dd4951f321fe6c252885d73ba4e7bea6c069b560fab557fc8eff23
  manager: conda
  name: mkl_random
  optional: false
  platform: linux-64
  url: https://repo.anaconda.com/pkgs/main/linux-64/mkl_random-1.2.2-py39h51133e4_0.conda
  version: 1.2.2
- category: main
  dependencies:
    blas: 1.0 mkl
    libgcc-ng: '>=7.5.0'
    libstdcxx-ng: '>=7.5.0'
    mkl: '>=2021.4.0,<2022.0a0'
    mkl-service: '>=2.3.0,<3.0a0'
    mkl_fft: ''
    mkl_random: ''
    numpy-base: 1.21.5 py39hf524024_1
    python: '>=3.9,<3.10.0a0'
  hash:
    md5: 32234727246050cb90998b751a8b8d67
    sha256: 5b75ce9405e3d506e510d0089ea346adae61299111073c7aa95eba5e3175d701
  manager: conda
  name: numpy
  optional: false
  platform: linux-64
  url: https://repo.anaconda.com/pkgs/main/linux-64/numpy-1.21.5-py39he7a7128_1.conda
  version: 1.21.5
- category: main
  dependencies:
    cudatoolkit: '>=11.3,<11.4'
    ffmpeg: '>=4.2'
    jpeg: ''
    libpng: ''
    numpy: '>=1.11'
    pillow: '>=5.3.0,!=8.3.*'
    python: '>=3.9,<3.10.0a0'
    pytorch: 1.11.0
    pytorch-mutex: 1.0 cuda
    requests: ''
  hash:
    md5: 4af5ff6e838ddb0b0064ca43ed7f5d5c
    sha256: null
  manager: conda
  name: torchvision
  optional: false
  platform: linux-64
  url: https://conda.anaconda.org/pytorch/linux-64/torchvision-0.12.0-py39_cu113.tar.bz2
  version: 0.12.0
- category: main
  dependencies: {}
  hash:
    sha256: 91332d53de7828103dcae5773fb43bc34950b0c8160e35e0f44c4427a3b85014
  manager: pip
  name: braceexpand
  optional: false
  platform: linux-64
  source: null
  url: https://files.pythonhosted.org/packages/fa/93/e8c04e80e82391a6e51f218ca49720f64236bc824e92152a2633b74cf7ab/braceexpand-0.1.7-py2.py3-none-any.whl
  version: 0.1.7
- category: main
  dependencies: {}
  hash:
    sha256: 40527857252b61eacd1d9af500c3337ba8deb8fc298940291486c465c8b46ec0
  manager: pip
  name: pyyaml
  optional: false
  platform: linux-64
  source: null
  url: https://files.pythonhosted.org/packages/12/fc/a4d5a7554e0067677823f7265cb3ae22aed8a238560b5133b58cda252dad/PyYAML-6.0-cp39-cp39-manylinux_2_5_x86_64.manylinux1_x86_64.manylinux_2_12_x86_64.manylinux2010_x86_64.whl
  version: '6.0'
- category: main
  dependencies:
    braceexpand: '*'
    numpy: '*'
    pyyaml: '*'
  hash:
    sha256: 099fcdb35689442722fe3208ffca22f65deed1b1fb576bd1392e17645668d7a5
  manager: pip
  name: webdataset
  optional: false
  platform: linux-64
  source: null
  url: https://files.pythonhosted.org/packages/14/75/95d16d351c55513dcd1405bf628dfb756284e4c19bf0971cbcbabb46cb38/webdataset-0.2.5-py3-none-any.whl
  version: 0.2.5
version: 1
